{
  "name": "backend_royal",
  "lockfileVersion": 2,
  "requires": true,
  "packages": {
    "": {
      "dependencies": {
        "keygenerator": "^1.0.4"
      }
    },
    "node_modules/keygenerator": {
      "version": "1.0.4",
      "resolved": "https://registry.npmjs.org/keygenerator/-/keygenerator-1.0.4.tgz",
      "integrity": "sha512-TIiaKqI5BNF8fKxOmwfvhEXgC5w0Lyh8iuUfjlYEOAvCc1zpti4G40oYA6Lf5UlOJBHmIvZGFOSXn7dUutN62g==",
      "engines": {
        "node": "*"
      }
    }
  },
  "dependencies": {
    "keygenerator": {
      "version": "1.0.4",
      "resolved": "https://registry.npmjs.org/keygenerator/-/keygenerator-1.0.4.tgz",
      "integrity": "sha512-TIiaKqI5BNF8fKxOmwfvhEXgC5w0Lyh8iuUfjlYEOAvCc1zpti4G40oYA6Lf5UlOJBHmIvZGFOSXn7dUutN62g=="
    }
  }
}
